
Microsoft Visual Studio Solution File, Format Version 12.00
# Visual Studio Version 17
VisualStudioVersion = 17.13.35828.75
MinimumVisualStudioVersion = 10.0.40219.1
Project("{FAE04EC0-301F-11D3-BF4B-00C04F79EFBC}") = "LexiconC#Slutuppgift-SmartBook", "LexiconC#Slutuppgift-SmartBook.csproj", "{530EB98F-E7FA-4896-BB7E-75D772FE5DC5}"
EndProject
Project("{FAE04EC0-301F-11D3-BF4B-00C04F79EFBC}") = "SmartBookXUnitTestProject", "..\SmartBookXUnitTestProject\SmartBookXUnitTestProject.csproj", "{D92B7747-F114-4620-966C-902095A5D4AA}"
EndProject
Global
	GlobalSection(SolutionConfigurationPlatforms) = preSolution
		Debug|Any CPU = Debug|Any CPU
		Release|Any CPU = Release|Any CPU
	EndGlobalSection
	GlobalSection(ProjectConfigurationPlatforms) = postSolution
		{530EB98F-E7FA-4896-BB7E-75D772FE5DC5}.Debug|Any CPU.ActiveCfg = Debug|Any CPU
		{530EB98F-E7FA-4896-BB7E-75D772FE5DC5}.Debug|Any CPU.Build.0 = Debug|Any CPU
		{530EB98F-E7FA-4896-BB7E-75D772FE5DC5}.Release|Any CPU.ActiveCfg = Release|Any CPU
		{530EB98F-E7FA-4896-BB7E-75D772FE5DC5}.Release|Any CPU.Build.0 = Release|Any CPU
		{D92B7747-F114-4620-966C-902095A5D4AA}.Debug|Any CPU.ActiveCfg = Debug|Any CPU
		{D92B7747-F114-4620-966C-902095A5D4AA}.Debug|Any CPU.Build.0 = Debug|Any CPU
		{D92B7747-F114-4620-966C-902095A5D4AA}.Release|Any CPU.ActiveCfg = Release|Any CPU
		{D92B7747-F114-4620-966C-902095A5D4AA}.Release|Any CPU.Build.0 = Release|Any CPU
	EndGlobalSection
	GlobalSection(SolutionProperties) = preSolution
		HideSolutionNode = FALSE
	EndGlobalSection
	GlobalSection(ExtensibilityGlobals) = postSolution
		SolutionGuid = {A31E78C5-0DF4-46F8-86C5-CA7B64270CAD}
	EndGlobalSection
EndGlobal
